// !$*UTF8*$!
{
	archiveVersion = 1;
	classes = {
	};
	objectVersion = 46;
	objects = {

/* Begin PBXBuildFile section */
		431522941DD4B1CC00F70597 /* hockeyStickSlap.mp3 in Resources */ = {isa = PBXBuildFile; fileRef = 431522931DD4B1CC00F70597 /* hockeyStickSlap.mp3 */; };
		431522961DD4B42D00F70597 /* goalScored.m4a in Resources */ = {isa = PBXBuildFile; fileRef = 431522951DD4B42D00F70597 /* goalScored.m4a */; };
		431AB02D1DD0A22D008C7E3D /* background-music-aac.caf in Resources */ = {isa = PBXBuildFile; fileRef = 431AB02B1DD0A22D008C7E3D /* background-music-aac.caf */; };
		431AB02E1DD0A22D008C7E3D /* pew-pew-lei.caf in Resources */ = {isa = PBXBuildFile; fileRef = 431AB02C1DD0A22D008C7E3D /* pew-pew-lei.caf */; };
		4321CDCB1DBA0ED3005C06AB /* LICENSE.txt in Resources */ = {isa = PBXBuildFile; fileRef = 4321CDC91DBA0ED3005C06AB /* LICENSE.txt */; };
		4321CDCC1DBA0ED3005C06AB /* LuckiestGuy.ttf in Resources */ = {isa = PBXBuildFile; fileRef = 4321CDCA1DBA0ED3005C06AB /* LuckiestGuy.ttf */; };
		4321CDDD1DBA2195005C06AB /* PromotionsTableViewController.m in Sources */ = {isa = PBXBuildFile; fileRef = 4321CDDC1DBA2195005C06AB /* PromotionsTableViewController.m */; };
		4321CDE01DBA220F005C06AB /* PromotionTableCell.xib in Resources */ = {isa = PBXBuildFile; fileRef = 4321CDDF1DBA220F005C06AB /* PromotionTableCell.xib */; };
		4321CDE31DBA2634005C06AB /* PromotionTableCell.m in Sources */ = {isa = PBXBuildFile; fileRef = 4321CDE21DBA2634005C06AB /* PromotionTableCell.m */; };
		4321CDE81DBA2934005C06AB /* Montserrat-Bold.ttf in Resources */ = {isa = PBXBuildFile; fileRef = 4321CDE51DBA2934005C06AB /* Montserrat-Bold.ttf */; };
		4321CDE91DBA2934005C06AB /* Montserrat-Regular.ttf in Resources */ = {isa = PBXBuildFile; fileRef = 4321CDE61DBA2934005C06AB /* Montserrat-Regular.ttf */; };
		4321CDEA1DBA2934005C06AB /* OFL.txt in Resources */ = {isa = PBXBuildFile; fileRef = 4321CDE71DBA2934005C06AB /* OFL.txt */; };
		432312D81DC3533D0096C790 /* OverlayView.xib in Resources */ = {isa = PBXBuildFile; fileRef = 432312D71DC3533D0096C790 /* OverlayView.xib */; };
		432312DB1DC353670096C790 /* OverlayView.m in Sources */ = {isa = PBXBuildFile; fileRef = 432312DA1DC353670096C790 /* OverlayView.m */; };
		4337BCD01DC8D5810024CA74 /* UILabel+FormattedText.m in Sources */ = {isa = PBXBuildFile; fileRef = 4337BCCF1DC8D5810024CA74 /* UILabel+FormattedText.m */; };
		434E30791DBE589600A29280 /* Montserrat-Black.otf in Resources */ = {isa = PBXBuildFile; fileRef = 434E30661DBE589600A29280 /* Montserrat-Black.otf */; };
		434E307A1DBE589600A29280 /* Montserrat-Bold.otf in Resources */ = {isa = PBXBuildFile; fileRef = 434E30671DBE589600A29280 /* Montserrat-Bold.otf */; };
		434E307B1DBE589600A29280 /* Montserrat-ExtraBold.otf in Resources */ = {isa = PBXBuildFile; fileRef = 434E30681DBE589600A29280 /* Montserrat-ExtraBold.otf */; };
		434E307C1DBE589600A29280 /* Montserrat-ExtraLight.otf in Resources */ = {isa = PBXBuildFile; fileRef = 434E30691DBE589600A29280 /* Montserrat-ExtraLight.otf */; };
		434E307D1DBE589600A29280 /* Montserrat-Light.otf in Resources */ = {isa = PBXBuildFile; fileRef = 434E306A1DBE589600A29280 /* Montserrat-Light.otf */; };
		434E307E1DBE589600A29280 /* Montserrat-Medium.otf in Resources */ = {isa = PBXBuildFile; fileRef = 434E306B1DBE589600A29280 /* Montserrat-Medium.otf */; };
		434E307F1DBE589600A29280 /* Montserrat-Regular.otf in Resources */ = {isa = PBXBuildFile; fileRef = 434E306C1DBE589600A29280 /* Montserrat-Regular.otf */; };
		434E30801DBE589600A29280 /* Montserrat-SemiBold.otf in Resources */ = {isa = PBXBuildFile; fileRef = 434E306D1DBE589600A29280 /* Montserrat-SemiBold.otf */; };
		434E30811DBE589600A29280 /* Montserrat-Thin.otf in Resources */ = {isa = PBXBuildFile; fileRef = 434E306E1DBE589600A29280 /* Montserrat-Thin.otf */; };
		434E30821DBE589600A29280 /* MontserratAlternates-Black.otf in Resources */ = {isa = PBXBuildFile; fileRef = 434E306F1DBE589600A29280 /* MontserratAlternates-Black.otf */; };
		434E30831DBE589600A29280 /* MontserratAlternates-Bold.otf in Resources */ = {isa = PBXBuildFile; fileRef = 434E30701DBE589600A29280 /* MontserratAlternates-Bold.otf */; };
		434E30841DBE589600A29280 /* MontserratAlternates-ExtraBold.otf in Resources */ = {isa = PBXBuildFile; fileRef = 434E30711DBE589600A29280 /* MontserratAlternates-ExtraBold.otf */; };
		434E30851DBE589600A29280 /* MontserratAlternates-ExtraLight.otf in Resources */ = {isa = PBXBuildFile; fileRef = 434E30721DBE589600A29280 /* MontserratAlternates-ExtraLight.otf */; };
		434E30861DBE589600A29280 /* MontserratAlternates-Light.otf in Resources */ = {isa = PBXBuildFile; fileRef = 434E30731DBE589600A29280 /* MontserratAlternates-Light.otf */; };
		434E30871DBE589600A29280 /* MontserratAlternates-Medium.otf in Resources */ = {isa = PBXBuildFile; fileRef = 434E30741DBE589600A29280 /* MontserratAlternates-Medium.otf */; };
		434E30881DBE589600A29280 /* MontserratAlternates-Regular.otf in Resources */ = {isa = PBXBuildFile; fileRef = 434E30751DBE589600A29280 /* MontserratAlternates-Regular.otf */; };
		434E30891DBE589600A29280 /* MontserratAlternates-SemiBold.otf in Resources */ = {isa = PBXBuildFile; fileRef = 434E30761DBE589600A29280 /* MontserratAlternates-SemiBold.otf */; };
		434E308A1DBE589600A29280 /* MontserratAlternates-Thin.otf in Resources */ = {isa = PBXBuildFile; fileRef = 434E30771DBE589600A29280 /* MontserratAlternates-Thin.otf */; };
		434E308B1DBE589600A29280 /* SIL Open Font License.txt in Resources */ = {isa = PBXBuildFile; fileRef = 434E30781DBE589600A29280 /* SIL Open Font License.txt */; };
		43B5CFF81DC0B7FD00117316 /* GameScene.sks in Resources */ = {isa = PBXBuildFile; fileRef = 43B5CFF51DC0B7FD00117316 /* GameScene.sks */; };
		43B5CFF91DC0B7FD00117316 /* GameScene.swift in Sources */ = {isa = PBXBuildFile; fileRef = 43B5CFF61DC0B7FD00117316 /* GameScene.swift */; };
		43B5CFFA1DC0B7FD00117316 /* GameViewController.swift in Sources */ = {isa = PBXBuildFile; fileRef = 43B5CFF71DC0B7FD00117316 /* GameViewController.swift */; };
		43BAC3851DBE25D900C8A518 /* CustomNavigationController.m in Sources */ = {isa = PBXBuildFile; fileRef = 43BAC3841DBE25D900C8A518 /* CustomNavigationController.m */; };
		43BAC3891DBE3D3900C8A518 /* TermsViewController.m in Sources */ = {isa = PBXBuildFile; fileRef = 43BAC3881DBE3D3900C8A518 /* TermsViewController.m */; };
		43C7BA041DB611A700FDD9F1 /* main.m in Sources */ = {isa = PBXBuildFile; fileRef = 43C7BA031DB611A700FDD9F1 /* main.m */; };
		43C7BA071DB611A700FDD9F1 /* AppDelegate.m in Sources */ = {isa = PBXBuildFile; fileRef = 43C7BA061DB611A700FDD9F1 /* AppDelegate.m */; };
		43C7BA0A1DB611A700FDD9F1 /* ViewController.m in Sources */ = {isa = PBXBuildFile; fileRef = 43C7BA091DB611A700FDD9F1 /* ViewController.m */; };
		43C7BA0D1DB611A700FDD9F1 /* Main.storyboard in Resources */ = {isa = PBXBuildFile; fileRef = 43C7BA0B1DB611A700FDD9F1 /* Main.storyboard */; };
		43C7BA0F1DB611A700FDD9F1 /* Assets.xcassets in Resources */ = {isa = PBXBuildFile; fileRef = 43C7BA0E1DB611A700FDD9F1 /* Assets.xcassets */; };
		43C7BA121DB611A700FDD9F1 /* LaunchScreen.storyboard in Resources */ = {isa = PBXBuildFile; fileRef = 43C7BA101DB611A700FDD9F1 /* LaunchScreen.storyboard */; };
		43C7BA1D1DB611A700FDD9F1 /* vouchkingTests.m in Sources */ = {isa = PBXBuildFile; fileRef = 43C7BA1C1DB611A700FDD9F1 /* vouchkingTests.m */; };
		43C7BA2A1DB61CF800FDD9F1 /* Promotion.m in Sources */ = {isa = PBXBuildFile; fileRef = 43C7BA291DB61CF800FDD9F1 /* Promotion.m */; };
		43C7BA2D1DB626D500FDD9F1 /* Data.m in Sources */ = {isa = PBXBuildFile; fileRef = 43C7BA2C1DB626D500FDD9F1 /* Data.m */; };
		43C7BA321DB62D6600FDD9F1 /* promotions.plist in Resources */ = {isa = PBXBuildFile; fileRef = 43C7BA311DB62D6600FDD9F1 /* promotions.plist */; };
		43C7BA351DB634A600FDD9F1 /* PListParser.m in Sources */ = {isa = PBXBuildFile; fileRef = 43C7BA341DB634A600FDD9F1 /* PListParser.m */; };
		43C7BA381DB644BF00FDD9F1 /* NSObject+logProperties.m in Sources */ = {isa = PBXBuildFile; fileRef = 43C7BA371DB644BF00FDD9F1 /* NSObject+logProperties.m */; };
/* End PBXBuildFile section */

/* Begin PBXContainerItemProxy section */
		43C7BA191DB611A700FDD9F1 /* PBXContainerItemProxy */ = {
			isa = PBXContainerItemProxy;
			containerPortal = 43C7B9F71DB611A700FDD9F1 /* Project object */;
			proxyType = 1;
			remoteGlobalIDString = 43C7B9FE1DB611A700FDD9F1;
			remoteInfo = vouchking;
		};
/* End PBXContainerItemProxy section */

/* Begin PBXFileReference section */
		431522931DD4B1CC00F70597 /* hockeyStickSlap.mp3 */ = {isa = PBXFileReference; lastKnownFileType = audio.mp3; path = hockeyStickSlap.mp3; sourceTree = "<group>"; };
		431522951DD4B42D00F70597 /* goalScored.m4a */ = {isa = PBXFileReference; lastKnownFileType = file; path = goalScored.m4a; sourceTree = "<group>"; };
		431AB02B1DD0A22D008C7E3D /* background-music-aac.caf */ = {isa = PBXFileReference; lastKnownFileType = file; path = "background-music-aac.caf"; sourceTree = "<group>"; };
		431AB02C1DD0A22D008C7E3D /* pew-pew-lei.caf */ = {isa = PBXFileReference; lastKnownFileType = file; path = "pew-pew-lei.caf"; sourceTree = "<group>"; };
		4321CDC91DBA0ED3005C06AB /* LICENSE.txt */ = {isa = PBXFileReference; fileEncoding = 4; lastKnownFileType = text; path = LICENSE.txt; sourceTree = "<group>"; };
		4321CDCA1DBA0ED3005C06AB /* LuckiestGuy.ttf */ = {isa = PBXFileReference; lastKnownFileType = file; path = LuckiestGuy.ttf; sourceTree = "<group>"; };
		4321CDDB1DBA2195005C06AB /* PromotionsTableViewController.h */ = {isa = PBXFileReference; fileEncoding = 4; lastKnownFileType = sourcecode.c.h; name = PromotionsTableViewController.h; path = ../PromotionsTableViewController.h; sourceTree = "<group>"; };
		4321CDDC1DBA2195005C06AB /* PromotionsTableViewController.m */ = {isa = PBXFileReference; fileEncoding = 4; lastKnownFileType = sourcecode.c.objc; name = PromotionsTableViewController.m; path = ../PromotionsTableViewController.m; sourceTree = "<group>"; };
		4321CDDF1DBA220F005C06AB /* PromotionTableCell.xib */ = {isa = PBXFileReference; fileEncoding = 4; lastKnownFileType = file.xib; path = PromotionTableCell.xib; sourceTree = "<group>"; };
		4321CDE11DBA2634005C06AB /* PromotionTableCell.h */ = {isa = PBXFileReference; fileEncoding = 4; lastKnownFileType = sourcecode.c.h; path = PromotionTableCell.h; sourceTree = "<group>"; };
		4321CDE21DBA2634005C06AB /* PromotionTableCell.m */ = {isa = PBXFileReference; fileEncoding = 4; lastKnownFileType = sourcecode.c.objc; path = PromotionTableCell.m; sourceTree = "<group>"; };
		4321CDE51DBA2934005C06AB /* Montserrat-Bold.ttf */ = {isa = PBXFileReference; lastKnownFileType = file; path = "Montserrat-Bold.ttf"; sourceTree = "<group>"; };
		4321CDE61DBA2934005C06AB /* Montserrat-Regular.ttf */ = {isa = PBXFileReference; lastKnownFileType = file; path = "Montserrat-Regular.ttf"; sourceTree = "<group>"; };
		4321CDE71DBA2934005C06AB /* OFL.txt */ = {isa = PBXFileReference; fileEncoding = 4; lastKnownFileType = text; path = OFL.txt; sourceTree = "<group>"; };
		432312D71DC3533D0096C790 /* OverlayView.xib */ = {isa = PBXFileReference; fileEncoding = 4; lastKnownFileType = file.xib; path = OverlayView.xib; sourceTree = "<group>"; };
		432312D91DC353670096C790 /* OverlayView.h */ = {isa = PBXFileReference; fileEncoding = 4; lastKnownFileType = sourcecode.c.h; path = OverlayView.h; sourceTree = "<group>"; };
		432312DA1DC353670096C790 /* OverlayView.m */ = {isa = PBXFileReference; fileEncoding = 4; lastKnownFileType = sourcecode.c.objc; path = OverlayView.m; sourceTree = "<group>"; };
		4337BCCE1DC8D5810024CA74 /* UILabel+FormattedText.h */ = {isa = PBXFileReference; fileEncoding = 4; lastKnownFileType = sourcecode.c.h; path = "UILabel+FormattedText.h"; sourceTree = "<group>"; };
		4337BCCF1DC8D5810024CA74 /* UILabel+FormattedText.m */ = {isa = PBXFileReference; fileEncoding = 4; lastKnownFileType = sourcecode.c.objc; path = "UILabel+FormattedText.m"; sourceTree = "<group>"; };
		434E30661DBE589600A29280 /* Montserrat-Black.otf */ = {isa = PBXFileReference; lastKnownFileType = file; path = "Montserrat-Black.otf"; sourceTree = "<group>"; };
		434E30671DBE589600A29280 /* Montserrat-Bold.otf */ = {isa = PBXFileReference; lastKnownFileType = file; path = "Montserrat-Bold.otf"; sourceTree = "<group>"; };
		434E30681DBE589600A29280 /* Montserrat-ExtraBold.otf */ = {isa = PBXFileReference; lastKnownFileType = file; path = "Montserrat-ExtraBold.otf"; sourceTree = "<group>"; };
		434E30691DBE589600A29280 /* Montserrat-ExtraLight.otf */ = {isa = PBXFileReference; lastKnownFileType = file; path = "Montserrat-ExtraLight.otf"; sourceTree = "<group>"; };
		434E306A1DBE589600A29280 /* Montserrat-Light.otf */ = {isa = PBXFileReference; lastKnownFileType = file; path = "Montserrat-Light.otf"; sourceTree = "<group>"; };
		434E306B1DBE589600A29280 /* Montserrat-Medium.otf */ = {isa = PBXFileReference; lastKnownFileType = file; path = "Montserrat-Medium.otf"; sourceTree = "<group>"; };
		434E306C1DBE589600A29280 /* Montserrat-Regular.otf */ = {isa = PBXFileReference; lastKnownFileType = file; path = "Montserrat-Regular.otf"; sourceTree = "<group>"; };
		434E306D1DBE589600A29280 /* Montserrat-SemiBold.otf */ = {isa = PBXFileReference; lastKnownFileType = file; path = "Montserrat-SemiBold.otf"; sourceTree = "<group>"; };
		434E306E1DBE589600A29280 /* Montserrat-Thin.otf */ = {isa = PBXFileReference; lastKnownFileType = file; path = "Montserrat-Thin.otf"; sourceTree = "<group>"; };
		434E306F1DBE589600A29280 /* MontserratAlternates-Black.otf */ = {isa = PBXFileReference; lastKnownFileType = file; path = "MontserratAlternates-Black.otf"; sourceTree = "<group>"; };
		434E30701DBE589600A29280 /* MontserratAlternates-Bold.otf */ = {isa = PBXFileReference; lastKnownFileType = file; path = "MontserratAlternates-Bold.otf"; sourceTree = "<group>"; };
		434E30711DBE589600A29280 /* MontserratAlternates-ExtraBold.otf */ = {isa = PBXFileReference; lastKnownFileType = file; path = "MontserratAlternates-ExtraBold.otf"; sourceTree = "<group>"; };
		434E30721DBE589600A29280 /* MontserratAlternates-ExtraLight.otf */ = {isa = PBXFileReference; lastKnownFileType = file; path = "MontserratAlternates-ExtraLight.otf"; sourceTree = "<group>"; };
		434E30731DBE589600A29280 /* MontserratAlternates-Light.otf */ = {isa = PBXFileReference; lastKnownFileType = file; path = "MontserratAlternates-Light.otf"; sourceTree = "<group>"; };
		434E30741DBE589600A29280 /* MontserratAlternates-Medium.otf */ = {isa = PBXFileReference; lastKnownFileType = file; path = "MontserratAlternates-Medium.otf"; sourceTree = "<group>"; };
		434E30751DBE589600A29280 /* MontserratAlternates-Regular.otf */ = {isa = PBXFileReference; lastKnownFileType = file; path = "MontserratAlternates-Regular.otf"; sourceTree = "<group>"; };
		434E30761DBE589600A29280 /* MontserratAlternates-SemiBold.otf */ = {isa = PBXFileReference; lastKnownFileType = file; path = "MontserratAlternates-SemiBold.otf"; sourceTree = "<group>"; };
		434E30771DBE589600A29280 /* MontserratAlternates-Thin.otf */ = {isa = PBXFileReference; lastKnownFileType = file; path = "MontserratAlternates-Thin.otf"; sourceTree = "<group>"; };
		434E30781DBE589600A29280 /* SIL Open Font License.txt */ = {isa = PBXFileReference; fileEncoding = 4; lastKnownFileType = text; path = "SIL Open Font License.txt"; sourceTree = "<group>"; };
		43B5CFF51DC0B7FD00117316 /* GameScene.sks */ = {isa = PBXFileReference; lastKnownFileType = file.sks; path = GameScene.sks; sourceTree = "<group>"; };
		43B5CFF61DC0B7FD00117316 /* GameScene.swift */ = {isa = PBXFileReference; fileEncoding = 4; lastKnownFileType = sourcecode.swift; path = GameScene.swift; sourceTree = "<group>"; };
		43B5CFF71DC0B7FD00117316 /* GameViewController.swift */ = {isa = PBXFileReference; fileEncoding = 4; lastKnownFileType = sourcecode.swift; path = GameViewController.swift; sourceTree = "<group>"; };
		43BAC3801DBE205700C8A518 /* vouchking-Bridging-Header.h */ = {isa = PBXFileReference; lastKnownFileType = sourcecode.c.h; path = "vouchking-Bridging-Header.h"; sourceTree = "<group>"; };
		43BAC3831DBE25D900C8A518 /* CustomNavigationController.h */ = {isa = PBXFileReference; fileEncoding = 4; lastKnownFileType = sourcecode.c.h; path = CustomNavigationController.h; sourceTree = "<group>"; };
		43BAC3841DBE25D900C8A518 /* CustomNavigationController.m */ = {isa = PBXFileReference; fileEncoding = 4; lastKnownFileType = sourcecode.c.objc; path = CustomNavigationController.m; sourceTree = "<group>"; };
		43BAC3871DBE3D3900C8A518 /* TermsViewController.h */ = {isa = PBXFileReference; fileEncoding = 4; lastKnownFileType = sourcecode.c.h; path = TermsViewController.h; sourceTree = "<group>"; };
		43BAC3881DBE3D3900C8A518 /* TermsViewController.m */ = {isa = PBXFileReference; fileEncoding = 4; lastKnownFileType = sourcecode.c.objc; path = TermsViewController.m; sourceTree = "<group>"; };
		43C7B9FF1DB611A700FDD9F1 /* vouchking.app */ = {isa = PBXFileReference; explicitFileType = wrapper.application; includeInIndex = 0; path = vouchking.app; sourceTree = BUILT_PRODUCTS_DIR; };
		43C7BA031DB611A700FDD9F1 /* main.m */ = {isa = PBXFileReference; lastKnownFileType = sourcecode.c.objc; path = main.m; sourceTree = "<group>"; };
		43C7BA051DB611A700FDD9F1 /* AppDelegate.h */ = {isa = PBXFileReference; lastKnownFileType = sourcecode.c.h; path = AppDelegate.h; sourceTree = "<group>"; };
		43C7BA061DB611A700FDD9F1 /* AppDelegate.m */ = {isa = PBXFileReference; lastKnownFileType = sourcecode.c.objc; path = AppDelegate.m; sourceTree = "<group>"; };
		43C7BA081DB611A700FDD9F1 /* ViewController.h */ = {isa = PBXFileReference; lastKnownFileType = sourcecode.c.h; path = ViewController.h; sourceTree = "<group>"; };
		43C7BA091DB611A700FDD9F1 /* ViewController.m */ = {isa = PBXFileReference; lastKnownFileType = sourcecode.c.objc; path = ViewController.m; sourceTree = "<group>"; };
		43C7BA0C1DB611A700FDD9F1 /* Base */ = {isa = PBXFileReference; lastKnownFileType = file.storyboard; name = Base; path = Base.lproj/Main.storyboard; sourceTree = "<group>"; };
		43C7BA0E1DB611A700FDD9F1 /* Assets.xcassets */ = {isa = PBXFileReference; lastKnownFileType = folder.assetcatalog; path = Assets.xcassets; sourceTree = "<group>"; };
		43C7BA111DB611A700FDD9F1 /* Base */ = {isa = PBXFileReference; lastKnownFileType = file.storyboard; name = Base; path = Base.lproj/LaunchScreen.storyboard; sourceTree = "<group>"; };
		43C7BA131DB611A700FDD9F1 /* Info.plist */ = {isa = PBXFileReference; lastKnownFileType = text.plist.xml; path = Info.plist; sourceTree = "<group>"; };
		43C7BA181DB611A700FDD9F1 /* vouchkingTests.xctest */ = {isa = PBXFileReference; explicitFileType = wrapper.cfbundle; includeInIndex = 0; path = vouchkingTests.xctest; sourceTree = BUILT_PRODUCTS_DIR; };
		43C7BA1C1DB611A700FDD9F1 /* vouchkingTests.m */ = {isa = PBXFileReference; lastKnownFileType = sourcecode.c.objc; path = vouchkingTests.m; sourceTree = "<group>"; };
		43C7BA1E1DB611A700FDD9F1 /* Info.plist */ = {isa = PBXFileReference; lastKnownFileType = text.plist.xml; path = Info.plist; sourceTree = "<group>"; };
		43C7BA281DB61CF800FDD9F1 /* Promotion.h */ = {isa = PBXFileReference; fileEncoding = 4; lastKnownFileType = sourcecode.c.h; path = Promotion.h; sourceTree = "<group>"; };
		43C7BA291DB61CF800FDD9F1 /* Promotion.m */ = {isa = PBXFileReference; fileEncoding = 4; lastKnownFileType = sourcecode.c.objc; path = Promotion.m; sourceTree = "<group>"; };
		43C7BA2B1DB626D500FDD9F1 /* Data.h */ = {isa = PBXFileReference; fileEncoding = 4; lastKnownFileType = sourcecode.c.h; path = Data.h; sourceTree = "<group>"; };
		43C7BA2C1DB626D500FDD9F1 /* Data.m */ = {isa = PBXFileReference; fileEncoding = 4; lastKnownFileType = sourcecode.c.objc; path = Data.m; sourceTree = "<group>"; };
		43C7BA311DB62D6600FDD9F1 /* promotions.plist */ = {isa = PBXFileReference; fileEncoding = 4; lastKnownFileType = text.plist.xml; path = promotions.plist; sourceTree = "<group>"; };
		43C7BA331DB634A600FDD9F1 /* PListParser.h */ = {isa = PBXFileReference; fileEncoding = 4; lastKnownFileType = sourcecode.c.h; path = PListParser.h; sourceTree = "<group>"; };
		43C7BA341DB634A600FDD9F1 /* PListParser.m */ = {isa = PBXFileReference; fileEncoding = 4; lastKnownFileType = sourcecode.c.objc; path = PListParser.m; sourceTree = "<group>"; };
		43C7BA361DB644BF00FDD9F1 /* NSObject+logProperties.h */ = {isa = PBXFileReference; fileEncoding = 4; lastKnownFileType = sourcecode.c.h; path = "NSObject+logProperties.h"; sourceTree = "<group>"; };
		43C7BA371DB644BF00FDD9F1 /* NSObject+logProperties.m */ = {isa = PBXFileReference; fileEncoding = 4; lastKnownFileType = sourcecode.c.objc; path = "NSObject+logProperties.m"; sourceTree = "<group>"; };
/* End PBXFileReference section */

/* Begin PBXFrameworksBuildPhase section */
		43C7B9FC1DB611A700FDD9F1 /* Frameworks */ = {
			isa = PBXFrameworksBuildPhase;
			buildActionMask = 2147483647;
			files = (
			);
			runOnlyForDeploymentPostprocessing = 0;
		};
		43C7BA151DB611A700FDD9F1 /* Frameworks */ = {
			isa = PBXFrameworksBuildPhase;
			buildActionMask = 2147483647;
			files = (
			);
			runOnlyForDeploymentPostprocessing = 0;
		};
/* End PBXFrameworksBuildPhase section */

/* Begin PBXGroup section */
		431AB02A1DD0A22D008C7E3D /* Sounds */ = {
			isa = PBXGroup;
			children = (
				431522931DD4B1CC00F70597 /* hockeyStickSlap.mp3 */,
				431AB02B1DD0A22D008C7E3D /* background-music-aac.caf */,
				431AB02C1DD0A22D008C7E3D /* pew-pew-lei.caf */,
				431522951DD4B42D00F70597 /* goalScored.m4a */,
			);
			path = Sounds;
			sourceTree = "<group>";
		};
		4321CDC81DBA0ED3005C06AB /* Luckiest_Guy */ = {
			isa = PBXGroup;
			children = (
				4321CDC91DBA0ED3005C06AB /* LICENSE.txt */,
				4321CDCA1DBA0ED3005C06AB /* LuckiestGuy.ttf */,
			);
			path = Luckiest_Guy;
			sourceTree = "<group>";
		};
		4321CDCD1DBA0ED7005C06AB /* Fonts */ = {
			isa = PBXGroup;
			children = (
				434E30651DBE589600A29280 /* montserrat-2 */,
				4321CDE41DBA2934005C06AB /* Montserrat */,
				4321CDC81DBA0ED3005C06AB /* Luckiest_Guy */,
			);
			name = Fonts;
			sourceTree = "<group>";
		};
		4321CDDE1DBA21E5005C06AB /* Custom Table Cells */ = {
			isa = PBXGroup;
			children = (
				4321CDDF1DBA220F005C06AB /* PromotionTableCell.xib */,
				4321CDE11DBA2634005C06AB /* PromotionTableCell.h */,
				4321CDE21DBA2634005C06AB /* PromotionTableCell.m */,
			);
			name = "Custom Table Cells";
			sourceTree = "<group>";
		};
		4321CDE41DBA2934005C06AB /* Montserrat */ = {
			isa = PBXGroup;
			children = (
				4321CDE51DBA2934005C06AB /* Montserrat-Bold.ttf */,
				4321CDE61DBA2934005C06AB /* Montserrat-Regular.ttf */,
				4321CDE71DBA2934005C06AB /* OFL.txt */,
			);
			path = Montserrat;
			sourceTree = "<group>";
		};
		434E30651DBE589600A29280 /* montserrat-2 */ = {
			isa = PBXGroup;
			children = (
				434E30661DBE589600A29280 /* Montserrat-Black.otf */,
				434E30671DBE589600A29280 /* Montserrat-Bold.otf */,
				434E30681DBE589600A29280 /* Montserrat-ExtraBold.otf */,
				434E30691DBE589600A29280 /* Montserrat-ExtraLight.otf */,
				434E306A1DBE589600A29280 /* Montserrat-Light.otf */,
				434E306B1DBE589600A29280 /* Montserrat-Medium.otf */,
				434E306C1DBE589600A29280 /* Montserrat-Regular.otf */,
				434E306D1DBE589600A29280 /* Montserrat-SemiBold.otf */,
				434E306E1DBE589600A29280 /* Montserrat-Thin.otf */,
				434E306F1DBE589600A29280 /* MontserratAlternates-Black.otf */,
				434E30701DBE589600A29280 /* MontserratAlternates-Bold.otf */,
				434E30711DBE589600A29280 /* MontserratAlternates-ExtraBold.otf */,
				434E30721DBE589600A29280 /* MontserratAlternates-ExtraLight.otf */,
				434E30731DBE589600A29280 /* MontserratAlternates-Light.otf */,
				434E30741DBE589600A29280 /* MontserratAlternates-Medium.otf */,
				434E30751DBE589600A29280 /* MontserratAlternates-Regular.otf */,
				434E30761DBE589600A29280 /* MontserratAlternates-SemiBold.otf */,
				434E30771DBE589600A29280 /* MontserratAlternates-Thin.otf */,
				434E30781DBE589600A29280 /* SIL Open Font License.txt */,
			);
			path = "montserrat-2";
			sourceTree = "<group>";
		};
		43B5CFF41DC0B7D800117316 /* GameScene */ = {
			isa = PBXGroup;
			children = (
				43B5CFF51DC0B7FD00117316 /* GameScene.sks */,
				43B5CFF61DC0B7FD00117316 /* GameScene.swift */,
				43B5CFF71DC0B7FD00117316 /* GameViewController.swift */,
			);
			name = GameScene;
			sourceTree = "<group>";
		};
		43BAC3861DBE283600C8A518 /* Helper Classes */ = {
			isa = PBXGroup;
			children = (
				432312D71DC3533D0096C790 /* OverlayView.xib */,
				432312D91DC353670096C790 /* OverlayView.h */,
				432312DA1DC353670096C790 /* OverlayView.m */,
				43BAC3831DBE25D900C8A518 /* CustomNavigationController.h */,
				43BAC3841DBE25D900C8A518 /* CustomNavigationController.m */,
				4337BCCE1DC8D5810024CA74 /* UILabel+FormattedText.h */,
				4337BCCF1DC8D5810024CA74 /* UILabel+FormattedText.m */,
			);
			name = "Helper Classes";
			sourceTree = "<group>";
		};
		43C7B9F61DB611A700FDD9F1 = {
			isa = PBXGroup;
			children = (
				4321CDCD1DBA0ED7005C06AB /* Fonts */,
				43C7BA011DB611A700FDD9F1 /* vouchking */,
				43C7BA1B1DB611A700FDD9F1 /* vouchkingTests */,
				43C7BA001DB611A700FDD9F1 /* Products */,
			);
			sourceTree = "<group>";
		};
		43C7BA001DB611A700FDD9F1 /* Products */ = {
			isa = PBXGroup;
			children = (
				43C7B9FF1DB611A700FDD9F1 /* vouchking.app */,
				43C7BA181DB611A700FDD9F1 /* vouchkingTests.xctest */,
			);
			name = Products;
			sourceTree = "<group>";
		};
		43C7BA011DB611A700FDD9F1 /* vouchking */ = {
			isa = PBXGroup;
			children = (
				431AB02A1DD0A22D008C7E3D /* Sounds */,
				43B5CFF41DC0B7D800117316 /* GameScene */,
				43BAC3861DBE283600C8A518 /* Helper Classes */,
				4321CDDE1DBA21E5005C06AB /* Custom Table Cells */,
				43C7BA271DB61C8A00FDD9F1 /* Model */,
				43C7BA051DB611A700FDD9F1 /* AppDelegate.h */,
				43C7BA061DB611A700FDD9F1 /* AppDelegate.m */,
				43C7BA081DB611A700FDD9F1 /* ViewController.h */,
				43C7BA091DB611A700FDD9F1 /* ViewController.m */,
				43C7BA331DB634A600FDD9F1 /* PListParser.h */,
				43C7BA341DB634A600FDD9F1 /* PListParser.m */,
				43C7BA0B1DB611A700FDD9F1 /* Main.storyboard */,
				43BAC3871DBE3D3900C8A518 /* TermsViewController.h */,
				43BAC3881DBE3D3900C8A518 /* TermsViewController.m */,
				4321CDDB1DBA2195005C06AB /* PromotionsTableViewController.h */,
				4321CDDC1DBA2195005C06AB /* PromotionsTableViewController.m */,
				43C7BA0E1DB611A700FDD9F1 /* Assets.xcassets */,
				43C7BA101DB611A700FDD9F1 /* LaunchScreen.storyboard */,
				43C7BA131DB611A700FDD9F1 /* Info.plist */,
				43C7BA021DB611A700FDD9F1 /* Supporting Files */,
				43C7BA361DB644BF00FDD9F1 /* NSObject+logProperties.h */,
				43C7BA371DB644BF00FDD9F1 /* NSObject+logProperties.m */,
				43BAC3801DBE205700C8A518 /* vouchking-Bridging-Header.h */,
			);
			path = vouchking;
			sourceTree = "<group>";
		};
		43C7BA021DB611A700FDD9F1 /* Supporting Files */ = {
			isa = PBXGroup;
			children = (
				43C7BA031DB611A700FDD9F1 /* main.m */,
			);
			name = "Supporting Files";
			sourceTree = "<group>";
		};
		43C7BA1B1DB611A700FDD9F1 /* vouchkingTests */ = {
			isa = PBXGroup;
			children = (
				43C7BA1C1DB611A700FDD9F1 /* vouchkingTests.m */,
				43C7BA1E1DB611A700FDD9F1 /* Info.plist */,
			);
			path = vouchkingTests;
			sourceTree = "<group>";
		};
		43C7BA271DB61C8A00FDD9F1 /* Model */ = {
			isa = PBXGroup;
			children = (
				43C7BA2B1DB626D500FDD9F1 /* Data.h */,
				43C7BA2C1DB626D500FDD9F1 /* Data.m */,
				43C7BA281DB61CF800FDD9F1 /* Promotion.h */,
				43C7BA291DB61CF800FDD9F1 /* Promotion.m */,
				43C7BA311DB62D6600FDD9F1 /* promotions.plist */,
			);
			name = Model;
			sourceTree = "<group>";
		};
/* End PBXGroup section */

/* Begin PBXNativeTarget section */
		43C7B9FE1DB611A700FDD9F1 /* vouchking */ = {
			isa = PBXNativeTarget;
			buildConfigurationList = 43C7BA211DB611A700FDD9F1 /* Build configuration list for PBXNativeTarget "vouchking" */;
			buildPhases = (
				43C7B9FB1DB611A700FDD9F1 /* Sources */,
				43C7B9FC1DB611A700FDD9F1 /* Frameworks */,
				43C7B9FD1DB611A700FDD9F1 /* Resources */,
			);
			buildRules = (
			);
			dependencies = (
			);
			name = vouchking;
			productName = vouchking;
			productReference = 43C7B9FF1DB611A700FDD9F1 /* vouchking.app */;
			productType = "com.apple.product-type.application";
		};
		43C7BA171DB611A700FDD9F1 /* vouchkingTests */ = {
			isa = PBXNativeTarget;
			buildConfigurationList = 43C7BA241DB611A700FDD9F1 /* Build configuration list for PBXNativeTarget "vouchkingTests" */;
			buildPhases = (
				43C7BA141DB611A700FDD9F1 /* Sources */,
				43C7BA151DB611A700FDD9F1 /* Frameworks */,
				43C7BA161DB611A700FDD9F1 /* Resources */,
			);
			buildRules = (
			);
			dependencies = (
				43C7BA1A1DB611A700FDD9F1 /* PBXTargetDependency */,
			);
			name = vouchkingTests;
			productName = vouchkingTests;
			productReference = 43C7BA181DB611A700FDD9F1 /* vouchkingTests.xctest */;
			productType = "com.apple.product-type.bundle.unit-test";
		};
/* End PBXNativeTarget section */

/* Begin PBXProject section */
		43C7B9F71DB611A700FDD9F1 /* Project object */ = {
			isa = PBXProject;
			attributes = {
				LastUpgradeCheck = 0810;
				ORGANIZATIONNAME = Izzy;
				TargetAttributes = {
					43C7B9FE1DB611A700FDD9F1 = {
						CreatedOnToolsVersion = 7.3.1;
						DevelopmentTeam = 6HA878TP6G;
						LastSwiftMigration = 0810;
					};
					43C7BA171DB611A700FDD9F1 = {
						CreatedOnToolsVersion = 7.3.1;
						TestTargetID = 43C7B9FE1DB611A700FDD9F1;
					};
				};
			};
			buildConfigurationList = 43C7B9FA1DB611A700FDD9F1 /* Build configuration list for PBXProject "vouchking" */;
			compatibilityVersion = "Xcode 3.2";
			developmentRegion = English;
			hasScannedForEncodings = 0;
			knownRegions = (
				en,
				Base,
			);
			mainGroup = 43C7B9F61DB611A700FDD9F1;
			productRefGroup = 43C7BA001DB611A700FDD9F1 /* Products */;
			projectDirPath = "";
			projectRoot = "";
			targets = (
				43C7B9FE1DB611A700FDD9F1 /* vouchking */,
				43C7BA171DB611A700FDD9F1 /* vouchkingTests */,
			);
		};
/* End PBXProject section */

/* Begin PBXResourcesBuildPhase section */
		43C7B9FD1DB611A700FDD9F1 /* Resources */ = {
			isa = PBXResourcesBuildPhase;
			buildActionMask = 2147483647;
			files = (
				4321CDEA1DBA2934005C06AB /* OFL.txt in Resources */,
				434E30791DBE589600A29280 /* Montserrat-Black.otf in Resources */,
				432312D81DC3533D0096C790 /* OverlayView.xib in Resources */,
				4321CDE91DBA2934005C06AB /* Montserrat-Regular.ttf in Resources */,
				434E30801DBE589600A29280 /* Montserrat-SemiBold.otf in Resources */,
				43C7BA321DB62D6600FDD9F1 /* promotions.plist in Resources */,
				431522941DD4B1CC00F70597 /* hockeyStickSlap.mp3 in Resources */,
				4321CDE01DBA220F005C06AB /* PromotionTableCell.xib in Resources */,
				434E30881DBE589600A29280 /* MontserratAlternates-Regular.otf in Resources */,
				434E30811DBE589600A29280 /* Montserrat-Thin.otf in Resources */,
				434E307D1DBE589600A29280 /* Montserrat-Light.otf in Resources */,
				43C7BA121DB611A700FDD9F1 /* LaunchScreen.storyboard in Resources */,
				434E307C1DBE589600A29280 /* Montserrat-ExtraLight.otf in Resources */,
				434E30831DBE589600A29280 /* MontserratAlternates-Bold.otf in Resources */,
				434E30841DBE589600A29280 /* MontserratAlternates-ExtraBold.otf in Resources */,
				434E30861DBE589600A29280 /* MontserratAlternates-Light.otf in Resources */,
				43C7BA0F1DB611A700FDD9F1 /* Assets.xcassets in Resources */,
				431AB02D1DD0A22D008C7E3D /* background-music-aac.caf in Resources */,
				434E307E1DBE589600A29280 /* Montserrat-Medium.otf in Resources */,
				43B5CFF81DC0B7FD00117316 /* GameScene.sks in Resources */,
				434E308B1DBE589600A29280 /* SIL Open Font License.txt in Resources */,
				4321CDE81DBA2934005C06AB /* Montserrat-Bold.ttf in Resources */,
				434E30821DBE589600A29280 /* MontserratAlternates-Black.otf in Resources */,
				434E307F1DBE589600A29280 /* Montserrat-Regular.otf in Resources */,
				431522961DD4B42D00F70597 /* goalScored.m4a in Resources */,
				4321CDCB1DBA0ED3005C06AB /* LICENSE.txt in Resources */,
				434E30871DBE589600A29280 /* MontserratAlternates-Medium.otf in Resources */,
				434E307B1DBE589600A29280 /* Montserrat-ExtraBold.otf in Resources */,
				431AB02E1DD0A22D008C7E3D /* pew-pew-lei.caf in Resources */,
				434E308A1DBE589600A29280 /* MontserratAlternates-Thin.otf in Resources */,
				434E30851DBE589600A29280 /* MontserratAlternates-ExtraLight.otf in Resources */,
				4321CDCC1DBA0ED3005C06AB /* LuckiestGuy.ttf in Resources */,
				434E30891DBE589600A29280 /* MontserratAlternates-SemiBold.otf in Resources */,
				43C7BA0D1DB611A700FDD9F1 /* Main.storyboard in Resources */,
				434E307A1DBE589600A29280 /* Montserrat-Bold.otf in Resources */,
			);
			runOnlyForDeploymentPostprocessing = 0;
		};
		43C7BA161DB611A700FDD9F1 /* Resources */ = {
			isa = PBXResourcesBuildPhase;
			buildActionMask = 2147483647;
			files = (
			);
			runOnlyForDeploymentPostprocessing = 0;
		};
/* End PBXResourcesBuildPhase section */

/* Begin PBXSourcesBuildPhase section */
		43C7B9FB1DB611A700FDD9F1 /* Sources */ = {
			isa = PBXSourcesBuildPhase;
			buildActionMask = 2147483647;
			files = (
				43B5CFFA1DC0B7FD00117316 /* GameViewController.swift in Sources */,
				432312DB1DC353670096C790 /* OverlayView.m in Sources */,
				43C7BA351DB634A600FDD9F1 /* PListParser.m in Sources */,
				43C7BA2D1DB626D500FDD9F1 /* Data.m in Sources */,
				43C7BA0A1DB611A700FDD9F1 /* ViewController.m in Sources */,
				4321CDDD1DBA2195005C06AB /* PromotionsTableViewController.m in Sources */,
				4337BCD01DC8D5810024CA74 /* UILabel+FormattedText.m in Sources */,
				43BAC3851DBE25D900C8A518 /* CustomNavigationController.m in Sources */,
				43BAC3891DBE3D3900C8A518 /* TermsViewController.m in Sources */,
				43C7BA2A1DB61CF800FDD9F1 /* Promotion.m in Sources */,
				43B5CFF91DC0B7FD00117316 /* GameScene.swift in Sources */,
				43C7BA381DB644BF00FDD9F1 /* NSObject+logProperties.m in Sources */,
				43C7BA071DB611A700FDD9F1 /* AppDelegate.m in Sources */,
				43C7BA041DB611A700FDD9F1 /* main.m in Sources */,
				4321CDE31DBA2634005C06AB /* PromotionTableCell.m in Sources */,
			);
			runOnlyForDeploymentPostprocessing = 0;
		};
		43C7BA141DB611A700FDD9F1 /* Sources */ = {
			isa = PBXSourcesBuildPhase;
			buildActionMask = 2147483647;
			files = (
				43C7BA1D1DB611A700FDD9F1 /* vouchkingTests.m in Sources */,
			);
			runOnlyForDeploymentPostprocessing = 0;
		};
/* End PBXSourcesBuildPhase section */

/* Begin PBXTargetDependency section */
		43C7BA1A1DB611A700FDD9F1 /* PBXTargetDependency */ = {
			isa = PBXTargetDependency;
			target = 43C7B9FE1DB611A700FDD9F1 /* vouchking */;
			targetProxy = 43C7BA191DB611A700FDD9F1 /* PBXContainerItemProxy */;
		};
/* End PBXTargetDependency section */

/* Begin PBXVariantGroup section */
		43C7BA0B1DB611A700FDD9F1 /* Main.storyboard */ = {
			isa = PBXVariantGroup;
			children = (
				43C7BA0C1DB611A700FDD9F1 /* Base */,
			);
			name = Main.storyboard;
			sourceTree = "<group>";
		};
		43C7BA101DB611A700FDD9F1 /* LaunchScreen.storyboard */ = {
			isa = PBXVariantGroup;
			children = (
				43C7BA111DB611A700FDD9F1 /* Base */,
			);
			name = LaunchScreen.storyboard;
			sourceTree = "<group>";
		};
/* End PBXVariantGroup section */

/* Begin XCBuildConfiguration section */
		43C7BA1F1DB611A700FDD9F1 /* Debug */ = {
			isa = XCBuildConfiguration;
			buildSettings = {
				ALWAYS_SEARCH_USER_PATHS = NO;
				CLANG_ANALYZER_NONNULL = YES;
				CLANG_CXX_LANGUAGE_STANDARD = "gnu++0x";
				CLANG_CXX_LIBRARY = "libc++";
				CLANG_ENABLE_MODULES = YES;
				CLANG_ENABLE_OBJC_ARC = YES;
				CLANG_WARN_BOOL_CONVERSION = YES;
				CLANG_WARN_CONSTANT_CONVERSION = YES;
				CLANG_WARN_DIRECT_OBJC_ISA_USAGE = YES_ERROR;
				CLANG_WARN_EMPTY_BODY = YES;
				CLANG_WARN_ENUM_CONVERSION = YES;
				CLANG_WARN_INFINITE_RECURSION = YES;
				CLANG_WARN_INT_CONVERSION = YES;
				CLANG_WARN_OBJC_ROOT_CLASS = YES_ERROR;
				CLANG_WARN_SUSPICIOUS_MOVE = YES;
				CLANG_WARN_UNREACHABLE_CODE = YES;
				CLANG_WARN__DUPLICATE_METHOD_MATCH = YES;
				"CODE_SIGN_IDENTITY[sdk=iphoneos*]" = "iPhone Developer";
				COPY_PHASE_STRIP = NO;
				DEBUG_INFORMATION_FORMAT = dwarf;
				ENABLE_STRICT_OBJC_MSGSEND = YES;
				ENABLE_TESTABILITY = YES;
				GCC_C_LANGUAGE_STANDARD = gnu99;
				GCC_DYNAMIC_NO_PIC = NO;
				GCC_NO_COMMON_BLOCKS = YES;
				GCC_OPTIMIZATION_LEVEL = 0;
				GCC_PREPROCESSOR_DEFINITIONS = (
					"DEBUG=1",
					"$(inherited)",
				);
				GCC_WARN_64_TO_32_BIT_CONVERSION = YES;
				GCC_WARN_ABOUT_RETURN_TYPE = YES_ERROR;
				GCC_WARN_UNDECLARED_SELECTOR = YES;
				GCC_WARN_UNINITIALIZED_AUTOS = YES_AGGRESSIVE;
				GCC_WARN_UNUSED_FUNCTION = YES;
				GCC_WARN_UNUSED_VARIABLE = YES;
				IPHONEOS_DEPLOYMENT_TARGET = 10.0;
				MTL_ENABLE_DEBUG_INFO = YES;
				ONLY_ACTIVE_ARCH = YES;
				SDKROOT = iphoneos;
				TARGETED_DEVICE_FAMILY = "1,2";
			};
			name = Debug;
		};
		43C7BA201DB611A700FDD9F1 /* Release */ = {
			isa = XCBuildConfiguration;
			buildSettings = {
				ALWAYS_SEARCH_USER_PATHS = NO;
				CLANG_ANALYZER_NONNULL = YES;
				CLANG_CXX_LANGUAGE_STANDARD = "gnu++0x";
				CLANG_CXX_LIBRARY = "libc++";
				CLANG_ENABLE_MODULES = YES;
				CLANG_ENABLE_OBJC_ARC = YES;
				CLANG_WARN_BOOL_CONVERSION = YES;
				CLANG_WARN_CONSTANT_CONVERSION = YES;
				CLANG_WARN_DIRECT_OBJC_ISA_USAGE = YES_ERROR;
				CLANG_WARN_EMPTY_BODY = YES;
				CLANG_WARN_ENUM_CONVERSION = YES;
				CLANG_WARN_INFINITE_RECURSION = YES;
				CLANG_WARN_INT_CONVERSION = YES;
				CLANG_WARN_OBJC_ROOT_CLASS = YES_ERROR;
				CLANG_WARN_SUSPICIOUS_MOVE = YES;
				CLANG_WARN_UNREACHABLE_CODE = YES;
				CLANG_WARN__DUPLICATE_METHOD_MATCH = YES;
				"CODE_SIGN_IDENTITY[sdk=iphoneos*]" = "iPhone Developer";
				COPY_PHASE_STRIP = NO;
				DEBUG_INFORMATION_FORMAT = "dwarf-with-dsym";
				ENABLE_NS_ASSERTIONS = NO;
				ENABLE_STRICT_OBJC_MSGSEND = YES;
				GCC_C_LANGUAGE_STANDARD = gnu99;
				GCC_NO_COMMON_BLOCKS = YES;
				GCC_WARN_64_TO_32_BIT_CONVERSION = YES;
				GCC_WARN_ABOUT_RETURN_TYPE = YES_ERROR;
				GCC_WARN_UNDECLARED_SELECTOR = YES;
				GCC_WARN_UNINITIALIZED_AUTOS = YES_AGGRESSIVE;
				GCC_WARN_UNUSED_FUNCTION = YES;
				GCC_WARN_UNUSED_VARIABLE = YES;
				IPHONEOS_DEPLOYMENT_TARGET = 10.0;
				MTL_ENABLE_DEBUG_INFO = NO;
				SDKROOT = iphoneos;
				SWIFT_OPTIMIZATION_LEVEL = "-Owholemodule";
				TARGETED_DEVICE_FAMILY = "1,2";
				VALIDATE_PRODUCT = YES;
			};
			name = Release;
		};
		43C7BA221DB611A700FDD9F1 /* Debug */ = {
			isa = XCBuildConfiguration;
			buildSettings = {
				ASSETCATALOG_COMPILER_APPICON_NAME = AppIcon;
				CLANG_ENABLE_MODULES = YES;
				CODE_SIGN_IDENTITY = "iPhone Developer";
				DEVELOPMENT_TEAM = 6HA878TP6G;
				INFOPLIST_FILE = vouchking/Info.plist;
				LD_RUNPATH_SEARCH_PATHS = "$(inherited) @executable_path/Frameworks";
				PRODUCT_BUNDLE_IDENTIFIER = com.reraise.vouchking;
				PRODUCT_NAME = "$(TARGET_NAME)";
				SWIFT_OBJC_BRIDGING_HEADER = "vouchking/vouchking-Bridging-Header.h";
				SWIFT_OPTIMIZATION_LEVEL = "-Onone";
				SWIFT_VERSION = 3.0;
			};
			name = Debug;
		};
		43C7BA231DB611A700FDD9F1 /* Release */ = {
			isa = XCBuildConfiguration;
			buildSettings = {
				ASSETCATALOG_COMPILER_APPICON_NAME = AppIcon;
				CLANG_ENABLE_MODULES = YES;
				CODE_SIGN_IDENTITY = "iPhone Developer";
				DEVELOPMENT_TEAM = 6HA878TP6G;
				INFOPLIST_FILE = vouchking/Info.plist;
				LD_RUNPATH_SEARCH_PATHS = "$(inherited) @executable_path/Frameworks";
				PRODUCT_BUNDLE_IDENTIFIER = com.reraise.vouchking;
				PRODUCT_NAME = "$(TARGET_NAME)";
				SWIFT_OBJC_BRIDGING_HEADER = "vouchking/vouchking-Bridging-Header.h";
				SWIFT_VERSION = 3.0;
			};
			name = Release;
		};
		43C7BA251DB611A700FDD9F1 /* Debug */ = {
			isa = XCBuildConfiguration;
			buildSettings = {
				BUNDLE_LOADER = "$(TEST_HOST)";
				INFOPLIST_FILE = vouchkingTests/Info.plist;
				LD_RUNPATH_SEARCH_PATHS = "$(inherited) @executable_path/Frameworks @loader_path/Frameworks";
				PRODUCT_BUNDLE_IDENTIFIER = com.reraise.vouchkingTests;
				PRODUCT_NAME = "$(TARGET_NAME)";
				TEST_HOST = "$(BUILT_PRODUCTS_DIR)/vouchking.app/vouchking";
			};
			name = Debug;
		};
		43C7BA261DB611A700FDD9F1 /* Release */ = {
			isa = XCBuildConfiguration;
			buildSettings = {
				BUNDLE_LOADER = "$(TEST_HOST)";
				INFOPLIST_FILE = vouchkingTests/Info.plist;
				LD_RUNPATH_SEARCH_PATHS = "$(inherited) @executable_path/Frameworks @loader_path/Frameworks";
				PRODUCT_BUNDLE_IDENTIFIER = com.reraise.vouchkingTests;
				PRODUCT_NAME = "$(TARGET_NAME)";
				TEST_HOST = "$(BUILT_PRODUCTS_DIR)/vouchking.app/vouchking";
			};
			name = Release;
		};
/* End XCBuildConfiguration section */

/* Begin XCConfigurationList section */
		43C7B9FA1DB611A700FDD9F1 /* Build configuration list for PBXProject "vouchking" */ = {
			isa = XCConfigurationList;
			buildConfigurations = (
				43C7BA1F1DB611A700FDD9F1 /* Debug */,
				43C7BA201DB611A700FDD9F1 /* Release */,
			);
			defaultConfigurationIsVisible = 0;
			defaultConfigurationName = Release;
		};
		43C7BA211DB611A700FDD9F1 /* Build configuration list for PBXNativeTarget "vouchking" */ = {
			isa = XCConfigurationList;
			buildConfigurations = (
				43C7BA221DB611A700FDD9F1 /* Debug */,
				43C7BA231DB611A700FDD9F1 /* Release */,
			);
			defaultConfigurationIsVisible = 0;
			defaultConfigurationName = Release;
		};
		43C7BA241DB611A700FDD9F1 /* Build configuration list for PBXNativeTarget "vouchkingTests" */ = {
			isa = XCConfigurationList;
			buildConfigurations = (
				43C7BA251DB611A700FDD9F1 /* Debug */,
				43C7BA261DB611A700FDD9F1 /* Release */,
			);
			defaultConfigurationIsVisible = 0;
			defaultConfigurationName = Release;
		};
/* End XCConfigurationList section */
	};
	rootObject = 43C7B9F71DB611A700FDD9F1 /* Project object */;
}
